# THIS IS AN AUTOGENERATED FILE. DO NOT EDIT THIS FILE DIRECTLY.
# yarn lockfile v1


"@d3fc/d3fc-annotation@^2.0.9":
  version "2.0.9"
  resolved "https://registry.yarnpkg.com/@d3fc/d3fc-annotation/-/d3fc-annotation-2.0.9.tgz#57ede6b589b3d16dc6eb063a004a1d92f6508f9f"
  dependencies:
    "@d3fc/d3fc-data-join" "^5.0.5"
    "@d3fc/d3fc-rebind" "^5.0.5"
    "@d3fc/d3fc-series" "^4.0.9"
    "@d3fc/d3fc-shape" "^5.0.5"
    d3-scale "^1.0.1"
    d3-selection "^1.0.2"

"@d3fc/d3fc-axis@^2.0.7":
  version "2.0.7"
  resolved "https://registry.yarnpkg.com/@d3fc/d3fc-axis/-/d3fc-axis-2.0.7.tgz#9e94687777de61eb5c47ab82d98c47ee055bc766"
  dependencies:
    "@d3fc/d3fc-data-join" "^5.0.5"
    "@d3fc/d3fc-rebind" "^5.0.5"
    d3-scale "^1.0.3"
    d3-selection "^1.0.2"
    d3-shape "^1.0.3"

"@d3fc/d3fc-brush@^2.0.11":
  version "2.0.11"
  resolved "https://registry.yarnpkg.com/@d3fc/d3fc-brush/-/d3fc-brush-2.0.11.tgz#3146d89b68323626a208ad77665a9aaa6f7262c8"
  dependencies:
    "@d3fc/d3fc-data-join" "^5.0.5"
    "@d3fc/d3fc-rebind" "^5.0.5"
    d3-brush "^1.0.3"
    d3-dispatch "^1.0.2"
    d3-scale "^1.0.3"
    d3-selection "^1.0.2"

"@d3fc/d3fc-chart@^2.0.11":
  version "2.0.11"
  resolved "https://registry.yarnpkg.com/@d3fc/d3fc-chart/-/d3fc-chart-2.0.11.tgz#e54e62a2fc95ed4910bf8090d1efca0eb529eda0"
  dependencies:
    "@d3fc/d3fc-axis" "^2.0.7"
    "@d3fc/d3fc-data-join" "^5.0.5"
    "@d3fc/d3fc-element" "^5.0.10"
    "@d3fc/d3fc-rebind" "^5.0.5"
    "@d3fc/d3fc-series" "^4.0.9"
    d3-scale "^1.0.3"
    d3-selection "^1.0.2"

"@d3fc/d3fc-data-join@^5.0.5":
  version "5.0.5"
  resolved "https://registry.yarnpkg.com/@d3fc/d3fc-data-join/-/d3fc-data-join-5.0.5.tgz#389f79bc53d02a019a3d218d00373dd538102397"
  dependencies:
    d3-selection "^1.0.0"

"@d3fc/d3fc-discontinuous-scale@^3.0.5":
  version "3.0.5"
  resolved "https://registry.yarnpkg.com/@d3fc/d3fc-discontinuous-scale/-/d3fc-discontinuous-scale-3.0.5.tgz#1a84c931ff193c62b237d778df303dc875f1c041"
  dependencies:
    "@d3fc/d3fc-rebind" "^5.0.5"
    d3-scale "^1.0.0"
    d3-time "^1.0.0"

"@d3fc/d3fc-element@^5.0.10":
  version "5.0.10"
  resolved "https://registry.yarnpkg.com/@d3fc/d3fc-element/-/d3fc-element-5.0.10.tgz#5c1d5f1f808b55265adaa000dbaa3cae89b955f0"
  dependencies:
    d3-selection "^1.0.2"

"@d3fc/d3fc-extent@^3.1.0":
  version "3.1.0"
  resolved "https://registry.yarnpkg.com/@d3fc/d3fc-extent/-/d3fc-extent-3.1.0.tgz#5fe10aca26ac80fe02b8a9b83b69711b0ff34920"
  dependencies:
    d3-array "^1.0.0"

"@d3fc/d3fc-financial-feed@^5.0.5":
  version "5.0.5"
  resolved "https://registry.yarnpkg.com/@d3fc/d3fc-financial-feed/-/d3fc-financial-feed-5.0.5.tgz#bc286f7478d44d6d3c864c293c94d7a0324b41aa"
  dependencies:
    d3-fetch "^1.1.0"

"@d3fc/d3fc-group@^2.0.5":
  version "2.0.5"
  resolved "https://registry.yarnpkg.com/@d3fc/d3fc-group/-/d3fc-group-2.0.5.tgz#d1eda874a7e95f159d449a6f516ad6def162688c"

"@d3fc/d3fc-label-layout@^6.0.5":
  version "6.0.5"
  resolved "https://registry.yarnpkg.com/@d3fc/d3fc-label-layout/-/d3fc-label-layout-6.0.5.tgz#d04399bada67f574ed272132412334bb2d75e4c0"
  dependencies:
    "@d3fc/d3fc-data-join" "^5.0.5"
    "@d3fc/d3fc-rebind" "^5.0.5"
    d3-array "^1.0.0"
    d3-scale "^1.0.6"
    d3-selection "^1.0.0"

"@d3fc/d3fc-pointer@^2.0.5":
  version "2.0.5"
  resolved "https://registry.yarnpkg.com/@d3fc/d3fc-pointer/-/d3fc-pointer-2.0.5.tgz#26cf3d34bcafc7a1040006516dd3d2b4269cd0c6"
  dependencies:
    "@d3fc/d3fc-rebind" "^5.0.5"
    d3-dispatch "^1.0.1"
    d3-selection "^1.0.2"

"@d3fc/d3fc-random-data@^3.0.5":
  version "3.0.5"
  resolved "https://registry.yarnpkg.com/@d3fc/d3fc-random-data/-/d3fc-random-data-3.0.5.tgz#0e90914f8117623b0f12060edb9e538ffafd50be"
  dependencies:
    "@d3fc/d3fc-rebind" "^5.0.5"
    d3-random "^1.0.0"
    d3-time "^1.0.0"

"@d3fc/d3fc-rebind@^5.0.5":
  version "5.0.5"
  resolved "https://registry.yarnpkg.com/@d3fc/d3fc-rebind/-/d3fc-rebind-5.0.5.tgz#051c04c4940ef35031aa9b771425c5c3c8f21373"

"@d3fc/d3fc-sample@^4.0.5":
  version "4.0.5"
  resolved "https://registry.yarnpkg.com/@d3fc/d3fc-sample/-/d3fc-sample-4.0.5.tgz#f2fd87fdeec3c9755e548b6d93484b6e3f34734e"
  dependencies:
    "@d3fc/d3fc-rebind" "^5.0.5"
    d3-array "^1.0.0"

"@d3fc/d3fc-series@^4.0.9":
  version "4.0.9"
  resolved "https://registry.yarnpkg.com/@d3fc/d3fc-series/-/d3fc-series-4.0.9.tgz#48b050d87a41bfabcc5c5b1a2851d89b12cf84d7"
  dependencies:
    "@d3fc/d3fc-data-join" "^5.0.5"
    "@d3fc/d3fc-rebind" "^5.0.5"
    "@d3fc/d3fc-shape" "^5.0.5"
    d3-array "^1.0.0"
    d3-scale "^1.0.1"
    d3-selection "^1.0.0"
    d3-shape "^1.0.0"

"@d3fc/d3fc-shape@^5.0.5":
  version "5.0.5"
  resolved "https://registry.yarnpkg.com/@d3fc/d3fc-shape/-/d3fc-shape-5.0.5.tgz#2bbdf85f58e35c60ea1e10c4e42f8e6505e6dcdc"
  dependencies:
    d3-path "^1.0.0"

"@d3fc/d3fc-technical-indicator@^7.0.9":
  version "7.0.9"
  resolved "https://registry.yarnpkg.com/@d3fc/d3fc-technical-indicator/-/d3fc-technical-indicator-7.0.9.tgz#ecae41ff154279fba08c0f0e7edf404b891127c6"
  dependencies:
    "@d3fc/d3fc-rebind" "^5.0.5"
    d3-array "^1.0.0"

commander@2:
  version "2.17.1"
  resolved "https://registry.yarnpkg.com/commander/-/commander-2.17.1.tgz#bd77ab7de6de94205ceacc72f1716d29f20a77bf"

d3-array@1, d3-array@^1.0.0, d3-array@^1.1.1, d3-array@^1.2.0:
  version "1.2.1"
  resolved "https://registry.yarnpkg.com/d3-array/-/d3-array-1.2.1.tgz#d1ca33de2f6ac31efadb8e050a021d7e2396d5dc"

d3-axis@1:
  version "1.0.9"
  resolved "https://registry.yarnpkg.com/d3-axis/-/d3-axis-1.0.9.tgz#72efbdf7d32c016b5109b5703389d31d842a5ef5"

d3-brush@1, d3-brush@^1.0.3:
  version "1.0.4"
  resolved "https://registry.yarnpkg.com/d3-brush/-/d3-brush-1.0.4.tgz#00c2f238019f24f6c0a194a26d41a1530ffe7bc4"
  dependencies:
    d3-dispatch "1"
    d3-drag "1"
    d3-interpolate "1"
    d3-selection "1"
    d3-transition "1"

d3-chord@1:
  version "1.0.4"
  resolved "https://registry.yarnpkg.com/d3-chord/-/d3-chord-1.0.4.tgz#7dec4f0ba886f713fe111c45f763414f6f74ca2c"
  dependencies:
    d3-array "1"
    d3-path "1"

d3-collection@1:
  version "1.0.4"
  resolved "https://registry.yarnpkg.com/d3-collection/-/d3-collection-1.0.4.tgz#342dfd12837c90974f33f1cc0a785aea570dcdc2"

d3-color@1:
  version "1.2.0"
  resolved "https://registry.yarnpkg.com/d3-color/-/d3-color-1.2.0.tgz#d1ea19db5859c86854586276ec892cf93148459a"

d3-contour@1:
  version "1.3.0"
  resolved "https://registry.yarnpkg.com/d3-contour/-/d3-contour-1.3.0.tgz#cfb99098c48c46edd77e15ce123162f9e333e846"
  dependencies:
    d3-array "^1.1.1"

d3-dispatch@1, d3-dispatch@^1.0.1, d3-dispatch@^1.0.2:
  version "1.0.3"
  resolved "https://registry.yarnpkg.com/d3-dispatch/-/d3-dispatch-1.0.3.tgz#46e1491eaa9b58c358fce5be4e8bed626e7871f8"

d3-drag@1:
  version "1.2.1"
  resolved "https://registry.yarnpkg.com/d3-drag/-/d3-drag-1.2.1.tgz#df8dd4c502fb490fc7462046a8ad98a5c479282d"
  dependencies:
    d3-dispatch "1"
    d3-selection "1"

d3-dsv@1:
  version "1.0.8"
  resolved "https://registry.yarnpkg.com/d3-dsv/-/d3-dsv-1.0.8.tgz#907e240d57b386618dc56468bacfe76bf19764ae"
  dependencies:
    commander "2"
    iconv-lite "0.4"
    rw "1"

d3-ease@1:
  version "1.0.3"
  resolved "https://registry.yarnpkg.com/d3-ease/-/d3-ease-1.0.3.tgz#68bfbc349338a380c44d8acc4fbc3304aa2d8c0e"

d3-fetch@1, d3-fetch@^1.1.0:
  version "1.1.0"
  resolved "https://registry.yarnpkg.com/d3-fetch/-/d3-fetch-1.1.0.tgz#31cbcd506b21d6519ac6a120a079de8d0a57c00f"
  dependencies:
    d3-dsv "1"

d3-force@1:
  version "1.1.0"
  resolved "https://registry.yarnpkg.com/d3-force/-/d3-force-1.1.0.tgz#cebf3c694f1078fcc3d4daf8e567b2fbd70d4ea3"
  dependencies:
    d3-collection "1"
    d3-dispatch "1"
    d3-quadtree "1"
    d3-timer "1"

d3-format@1:
  version "1.3.0"
  resolved "https://registry.yarnpkg.com/d3-format/-/d3-format-1.3.0.tgz#a3ac44269a2011cdb87c7b5693040c18cddfff11"

d3-geo@1:
  version "1.10.0"
  resolved "https://registry.yarnpkg.com/d3-geo/-/d3-geo-1.10.0.tgz#2972d18014f1e38fc1f8bb6d545377bdfb00c9ab"
  dependencies:
    d3-array "1"

d3-hierarchy@1:
  version "1.1.6"
  resolved "https://registry.yarnpkg.com/d3-hierarchy/-/d3-hierarchy-1.1.6.tgz#842c1372090f870b7ea013ebae5c0c8d9f56229c"

d3-interpolate@1:
  version "1.2.0"
  resolved "https://registry.yarnpkg.com/d3-interpolate/-/d3-interpolate-1.2.0.tgz#40d81bd8e959ff021c5ea7545bc79b8d22331c41"
  dependencies:
    d3-color "1"

d3-path@1, d3-path@^1.0.0:
  version "1.0.5"
  resolved "https://registry.yarnpkg.com/d3-path/-/d3-path-1.0.5.tgz#241eb1849bd9e9e8021c0d0a799f8a0e8e441764"

d3-polygon@1:
  version "1.0.3"
  resolved "https://registry.yarnpkg.com/d3-polygon/-/d3-polygon-1.0.3.tgz#16888e9026460933f2b179652ad378224d382c62"

d3-quadtree@1:
  version "1.0.3"
  resolved "https://registry.yarnpkg.com/d3-quadtree/-/d3-quadtree-1.0.3.tgz#ac7987e3e23fe805a990f28e1b50d38fcb822438"

d3-random@1, d3-random@^1.0.0:
  version "1.1.0"
  resolved "https://registry.yarnpkg.com/d3-random/-/d3-random-1.1.0.tgz#6642e506c6fa3a648595d2b2469788a8d12529d3"

d3-scale-chromatic@1:
  version "1.3.0"
  resolved "https://registry.yarnpkg.com/d3-scale-chromatic/-/d3-scale-chromatic-1.3.0.tgz#7ee38ffcaa7ad55cfed83a6a668aac5570c653c4"
  dependencies:
    d3-color "1"
    d3-interpolate "1"

d3-scale@2:
  version "2.1.0"
  resolved "https://registry.yarnpkg.com/d3-scale/-/d3-scale-2.1.0.tgz#8d3fd3e2a7c9080782a523c08507c5248289eef8"
  dependencies:
    d3-array "^1.2.0"
    d3-collection "1"
    d3-format "1"
    d3-interpolate "1"
    d3-time "1"
    d3-time-format "2"

d3-scale@^1.0.0, d3-scale@^1.0.1, d3-scale@^1.0.3, d3-scale@^1.0.6:
  version "1.0.7"
  resolved "https://registry.yarnpkg.com/d3-scale/-/d3-scale-1.0.7.tgz#fa90324b3ea8a776422bd0472afab0b252a0945d"
  dependencies:
    d3-array "^1.2.0"
    d3-collection "1"
    d3-color "1"
    d3-format "1"
    d3-interpolate "1"
    d3-time "1"
    d3-time-format "2"

d3-selection@1, d3-selection@^1.0.0, d3-selection@^1.0.2, d3-selection@^1.1.0:
  version "1.3.0"
  resolved "https://registry.yarnpkg.com/d3-selection/-/d3-selection-1.3.0.tgz#d53772382d3dc4f7507bfb28bcd2d6aed2a0ad6d"

d3-shape@1, d3-shape@^1.0.0, d3-shape@^1.0.3:
  version "1.2.0"
  resolved "https://registry.yarnpkg.com/d3-shape/-/d3-shape-1.2.0.tgz#45d01538f064bafd05ea3d6d2cb748fd8c41f777"
  dependencies:
    d3-path "1"

d3-time-format@2:
  version "2.1.1"
  resolved "https://registry.yarnpkg.com/d3-time-format/-/d3-time-format-2.1.1.tgz#85b7cdfbc9ffca187f14d3c456ffda268081bb31"
  dependencies:
    d3-time "1"

d3-time@1, d3-time@^1.0.0:
  version "1.0.8"
  resolved "https://registry.yarnpkg.com/d3-time/-/d3-time-1.0.8.tgz#dbd2d6007bf416fe67a76d17947b784bffea1e84"

d3-timer@1:
  version "1.0.7"
  resolved "https://registry.yarnpkg.com/d3-timer/-/d3-timer-1.0.7.tgz#df9650ca587f6c96607ff4e60cc38229e8dd8531"

d3-transition@1:
  version "1.1.1"
  resolved "https://registry.yarnpkg.com/d3-transition/-/d3-transition-1.1.1.tgz#d8ef89c3b848735b060e54a39b32aaebaa421039"
  dependencies:
    d3-color "1"
    d3-dispatch "1"
    d3-ease "1"
    d3-interpolate "1"
    d3-selection "^1.1.0"
    d3-timer "1"

d3-voronoi@1:
  version "1.1.2"
  resolved "https://registry.yarnpkg.com/d3-voronoi/-/d3-voronoi-1.1.2.tgz#1687667e8f13a2d158c80c1480c5a29cb0d8973c"

d3-zoom@1:
  version "1.7.1"
  resolved "https://registry.yarnpkg.com/d3-zoom/-/d3-zoom-1.7.1.tgz#02f43b3c3e2db54f364582d7e4a236ccc5506b63"
  dependencies:
    d3-dispatch "1"
    d3-drag "1"
    d3-interpolate "1"
    d3-selection "1"
    d3-transition "1"

d3@^5.6.0:
  version "5.6.0"
  resolved "https://registry.yarnpkg.com/d3/-/d3-5.6.0.tgz#af9cd7720f6c09a352bd2d8bfca6dd8ec6cde61d"
  dependencies:
    d3-array "1"
    d3-axis "1"
    d3-brush "1"
    d3-chord "1"
    d3-collection "1"
    d3-color "1"
    d3-contour "1"
    d3-dispatch "1"
    d3-drag "1"
    d3-dsv "1"
    d3-ease "1"
    d3-fetch "1"
    d3-force "1"
    d3-format "1"
    d3-geo "1"
    d3-hierarchy "1"
    d3-interpolate "1"
    d3-path "1"
    d3-polygon "1"
    d3-quadtree "1"
    d3-random "1"
    d3-scale "2"
    d3-scale-chromatic "1"
    d3-selection "1"
    d3-shape "1"
    d3-time "1"
    d3-time-format "2"
    d3-timer "1"
    d3-transition "1"
    d3-voronoi "1"
    d3-zoom "1"

d3fc@^14.0.12:
  version "14.0.12"
  resolved "https://registry.yarnpkg.com/d3fc/-/d3fc-14.0.12.tgz#a9cf1f71d18529b2bb39a34e9d26484eb5ccd6c0"
  dependencies:
    "@d3fc/d3fc-annotation" "^2.0.9"
    "@d3fc/d3fc-axis" "^2.0.7"
    "@d3fc/d3fc-brush" "^2.0.11"
    "@d3fc/d3fc-chart" "^2.0.11"
    "@d3fc/d3fc-data-join" "^5.0.5"
    "@d3fc/d3fc-discontinuous-scale" "^3.0.5"
    "@d3fc/d3fc-element" "^5.0.10"
    "@d3fc/d3fc-extent" "^3.1.0"
    "@d3fc/d3fc-financial-feed" "^5.0.5"
    "@d3fc/d3fc-group" "^2.0.5"
    "@d3fc/d3fc-label-layout" "^6.0.5"
    "@d3fc/d3fc-pointer" "^2.0.5"
    "@d3fc/d3fc-random-data" "^3.0.5"
    "@d3fc/d3fc-rebind" "^5.0.5"
    "@d3fc/d3fc-sample" "^4.0.5"
    "@d3fc/d3fc-series" "^4.0.9"
    "@d3fc/d3fc-shape" "^5.0.5"
    "@d3fc/d3fc-technical-indicator" "^7.0.9"

iconv-lite@0.4:
  version "0.4.24"
  resolved "https://registry.yarnpkg.com/iconv-lite/-/iconv-lite-0.4.24.tgz#2022b4b25fbddc21d2f524974a474aafe733908b"
  dependencies:
    safer-buffer ">= 2.1.2 < 3"

rw@1:
  version "1.3.3"
  resolved "https://registry.yarnpkg.com/rw/-/rw-1.3.3.tgz#3f862dfa91ab766b14885ef4d01124bfda074fb4"

"safer-buffer@>= 2.1.2 < 3":
  version "2.1.2"
  resolved "https://registry.yarnpkg.com/safer-buffer/-/safer-buffer-2.1.2.tgz#44fa161b0187b9549dd84bb91802f9bd8385cd6a"
